
Microsoft Visual Studio Solution File, Format Version 12.00
# Visual Studio 15
VisualStudioVersion = 15.0.27703.2035
MinimumVisualStudioVersion = 10.0.40219.1
Project("{FAE04EC0-301F-11D3-BF4B-00C04F79EFBC}") = "DesignPattern", "DesignPattern\DesignPattern.csproj", "{F7CDDC22-AAB6-4784-8A3A-1166C98B4197}"
EndProject
Project("{FAE04EC0-301F-11D3-BF4B-00C04F79EFBC}") = "ThreadSafeSingleton", "ThreadSafeSingleton\ThreadSafeSingleton.csproj", "{F3DE9F18-3BC5-41DD-99E8-F7663F8C363B}"
EndProject
Project("{FAE04EC0-301F-11D3-BF4B-00C04F79EFBC}") = "LazyLoading", "LazyLoading\LazyLoading.csproj", "{D28355CC-4107-4CE5-AC69-B30FE36C1B65}"
EndProject
Project("{FAE04EC0-301F-11D3-BF4B-00C04F79EFBC}") = "SingeltonApplication", "SingeltonApplication\SingeltonApplication.csproj", "{0D65B3F4-8A9C-4D0D-9F7B-F0337D6565B1}"
EndProject
Project("{FAE04EC0-301F-11D3-BF4B-00C04F79EFBC}") = "AbstractDesignPattern", "AbstractDesignPattern\AbstractDesignPattern.csproj", "{F0C9F517-9C2B-471E-A827-D514BD966B57}"
EndProject
Project("{FAE04EC0-301F-11D3-BF4B-00C04F79EFBC}") = "StrategyPattern", "StrategyPattern\StrategyPattern.csproj", "{E88575F8-6C83-422F-BF7C-C76C9194C55C}"
EndProject
Project("{FAE04EC0-301F-11D3-BF4B-00C04F79EFBC}") = "builder", "builder\builder.csproj", "{0F87A026-6E66-4FE7-A848-CA8368102DF9}"
EndProject
Project("{FAE04EC0-301F-11D3-BF4B-00C04F79EFBC}") = "LinkedListSwap", "LinkedListSwap\LinkedListSwap.csproj", "{0A3B78E8-5E64-4D2A-B4A0-4866FF63E407}"
EndProject
Project("{FAE04EC0-301F-11D3-BF4B-00C04F79EFBC}") = "ayncawait", "ayncawait\ayncawait.csproj", "{DB254F8E-8EC8-425C-B533-5A56015F0EBA}"
EndProject
Project("{FAE04EC0-301F-11D3-BF4B-00C04F79EFBC}") = "DemoProject", "DemoProject\DemoProject.csproj", "{D3E6F425-EBAE-49D4-8359-F9B1BFC1BE74}"
EndProject
Project("{FAE04EC0-301F-11D3-BF4B-00C04F79EFBC}") = "DemoProjectTest", "DemoProjectTest\DemoProjectTest.csproj", "{CD9D384B-B001-40DB-BBC8-FD946109E53B}"
EndProject
Project("{FAE04EC0-301F-11D3-BF4B-00C04F79EFBC}") = "UnityContainerDemo", "UnityContainerDemo\UnityContainerDemo.csproj", "{0BB15084-3E92-465D-9655-D8A19C33A3C6}"
EndProject
Project("{FAE04EC0-301F-11D3-BF4B-00C04F79EFBC}") = "grid", "grid\grid.csproj", "{78A14944-D440-43F0-BA0F-D1ACE62B405A}"
EndProject
Project("{FAE04EC0-301F-11D3-BF4B-00C04F79EFBC}") = "extralongFact", "extralongFact\extralongFact.csproj", "{E3DD44E4-B21C-4AEB-8F3B-F3E4242BB078}"
EndProject
Project("{FAE04EC0-301F-11D3-BF4B-00C04F79EFBC}") = "classinterfacebasic", "classinterfacebasic\classinterfacebasic.csproj", "{AD06CE4F-931B-4602-A4F9-BF4ADCC928A7}"
EndProject
Project("{FAE04EC0-301F-11D3-BF4B-00C04F79EFBC}") = "funcaction", "funcaction\funcaction.csproj", "{69879859-D886-4B32-AAB5-8E77EA58FD4E}"
EndProject
Project("{FAE04EC0-301F-11D3-BF4B-00C04F79EFBC}") = "eventsanddelegate", "eventsanddelegate\eventsanddelegate.csproj", "{86F35A0B-02C8-4C17-ADA9-DA1039C31F63}"
EndProject
Project("{FAE04EC0-301F-11D3-BF4B-00C04F79EFBC}") = "eventsanddelegatetwo", "eventsanddelegatetwo\eventsanddelegatetwo.csproj", "{CC9CEC95-EFA7-4BFF-AF7C-706003F8B825}"
EndProject
Project("{FAE04EC0-301F-11D3-BF4B-00C04F79EFBC}") = "videoencoderclass", "videoencoderclass\videoencoderclass.csproj", "{18145049-DBC5-4289-9847-2FB475096FDF}"
EndProject
Project("{FAE04EC0-301F-11D3-BF4B-00C04F79EFBC}") = "GAcexm", "GAcexm\GAcexm.csproj", "{C4B3C6B4-5043-4B85-AC90-2FF736F368BB}"
EndProject
Project("{FAE04EC0-301F-11D3-BF4B-00C04F79EFBC}") = "codechef1", "codechef1\codechef1.csproj", "{C0A5935E-21E3-4AE7-A84A-6F33AFEB3665}"
EndProject
Project("{FAE04EC0-301F-11D3-BF4B-00C04F79EFBC}") = "RepeatedString", "RepeatedString\RepeatedString.csproj", "{B75F230A-5262-4658-BEBE-97146B787ED8}"
EndProject
Global
	GlobalSection(SolutionConfigurationPlatforms) = preSolution
		Debug|Any CPU = Debug|Any CPU
		Release|Any CPU = Release|Any CPU
	EndGlobalSection
	GlobalSection(ProjectConfigurationPlatforms) = postSolution
		{F7CDDC22-AAB6-4784-8A3A-1166C98B4197}.Debug|Any CPU.ActiveCfg = Debug|Any CPU
		{F7CDDC22-AAB6-4784-8A3A-1166C98B4197}.Debug|Any CPU.Build.0 = Debug|Any CPU
		{F7CDDC22-AAB6-4784-8A3A-1166C98B4197}.Release|Any CPU.ActiveCfg = Release|Any CPU
		{F7CDDC22-AAB6-4784-8A3A-1166C98B4197}.Release|Any CPU.Build.0 = Release|Any CPU
		{F3DE9F18-3BC5-41DD-99E8-F7663F8C363B}.Debug|Any CPU.ActiveCfg = Debug|Any CPU
		{F3DE9F18-3BC5-41DD-99E8-F7663F8C363B}.Debug|Any CPU.Build.0 = Debug|Any CPU
		{F3DE9F18-3BC5-41DD-99E8-F7663F8C363B}.Release|Any CPU.ActiveCfg = Release|Any CPU
		{F3DE9F18-3BC5-41DD-99E8-F7663F8C363B}.Release|Any CPU.Build.0 = Release|Any CPU
		{D28355CC-4107-4CE5-AC69-B30FE36C1B65}.Debug|Any CPU.ActiveCfg = Debug|Any CPU
		{D28355CC-4107-4CE5-AC69-B30FE36C1B65}.Debug|Any CPU.Build.0 = Debug|Any CPU
		{D28355CC-4107-4CE5-AC69-B30FE36C1B65}.Release|Any CPU.ActiveCfg = Release|Any CPU
		{D28355CC-4107-4CE5-AC69-B30FE36C1B65}.Release|Any CPU.Build.0 = Release|Any CPU
		{0D65B3F4-8A9C-4D0D-9F7B-F0337D6565B1}.Debug|Any CPU.ActiveCfg = Debug|Any CPU
		{0D65B3F4-8A9C-4D0D-9F7B-F0337D6565B1}.Debug|Any CPU.Build.0 = Debug|Any CPU
		{0D65B3F4-8A9C-4D0D-9F7B-F0337D6565B1}.Release|Any CPU.ActiveCfg = Release|Any CPU
		{0D65B3F4-8A9C-4D0D-9F7B-F0337D6565B1}.Release|Any CPU.Build.0 = Release|Any CPU
		{F0C9F517-9C2B-471E-A827-D514BD966B57}.Debug|Any CPU.ActiveCfg = Debug|Any CPU
		{F0C9F517-9C2B-471E-A827-D514BD966B57}.Debug|Any CPU.Build.0 = Debug|Any CPU
		{F0C9F517-9C2B-471E-A827-D514BD966B57}.Release|Any CPU.ActiveCfg = Release|Any CPU
		{F0C9F517-9C2B-471E-A827-D514BD966B57}.Release|Any CPU.Build.0 = Release|Any CPU
		{E88575F8-6C83-422F-BF7C-C76C9194C55C}.Debug|Any CPU.ActiveCfg = Debug|Any CPU
		{E88575F8-6C83-422F-BF7C-C76C9194C55C}.Debug|Any CPU.Build.0 = Debug|Any CPU
		{E88575F8-6C83-422F-BF7C-C76C9194C55C}.Release|Any CPU.ActiveCfg = Release|Any CPU
		{E88575F8-6C83-422F-BF7C-C76C9194C55C}.Release|Any CPU.Build.0 = Release|Any CPU
		{0F87A026-6E66-4FE7-A848-CA8368102DF9}.Debug|Any CPU.ActiveCfg = Debug|Any CPU
		{0F87A026-6E66-4FE7-A848-CA8368102DF9}.Debug|Any CPU.Build.0 = Debug|Any CPU
		{0F87A026-6E66-4FE7-A848-CA8368102DF9}.Release|Any CPU.ActiveCfg = Release|Any CPU
		{0F87A026-6E66-4FE7-A848-CA8368102DF9}.Release|Any CPU.Build.0 = Release|Any CPU
		{0A3B78E8-5E64-4D2A-B4A0-4866FF63E407}.Debug|Any CPU.ActiveCfg = Debug|Any CPU
		{0A3B78E8-5E64-4D2A-B4A0-4866FF63E407}.Debug|Any CPU.Build.0 = Debug|Any CPU
		{0A3B78E8-5E64-4D2A-B4A0-4866FF63E407}.Release|Any CPU.ActiveCfg = Release|Any CPU
		{0A3B78E8-5E64-4D2A-B4A0-4866FF63E407}.Release|Any CPU.Build.0 = Release|Any CPU
		{DB254F8E-8EC8-425C-B533-5A56015F0EBA}.Debug|Any CPU.ActiveCfg = Debug|Any CPU
		{DB254F8E-8EC8-425C-B533-5A56015F0EBA}.Debug|Any CPU.Build.0 = Debug|Any CPU
		{DB254F8E-8EC8-425C-B533-5A56015F0EBA}.Release|Any CPU.ActiveCfg = Release|Any CPU
		{DB254F8E-8EC8-425C-B533-5A56015F0EBA}.Release|Any CPU.Build.0 = Release|Any CPU
		{D3E6F425-EBAE-49D4-8359-F9B1BFC1BE74}.Debug|Any CPU.ActiveCfg = Debug|Any CPU
		{D3E6F425-EBAE-49D4-8359-F9B1BFC1BE74}.Debug|Any CPU.Build.0 = Debug|Any CPU
		{D3E6F425-EBAE-49D4-8359-F9B1BFC1BE74}.Release|Any CPU.ActiveCfg = Release|Any CPU
		{D3E6F425-EBAE-49D4-8359-F9B1BFC1BE74}.Release|Any CPU.Build.0 = Release|Any CPU
		{CD9D384B-B001-40DB-BBC8-FD946109E53B}.Debug|Any CPU.ActiveCfg = Debug|Any CPU
		{CD9D384B-B001-40DB-BBC8-FD946109E53B}.Debug|Any CPU.Build.0 = Debug|Any CPU
		{CD9D384B-B001-40DB-BBC8-FD946109E53B}.Release|Any CPU.ActiveCfg = Release|Any CPU
		{CD9D384B-B001-40DB-BBC8-FD946109E53B}.Release|Any CPU.Build.0 = Release|Any CPU
		{0BB15084-3E92-465D-9655-D8A19C33A3C6}.Debug|Any CPU.ActiveCfg = Debug|Any CPU
		{0BB15084-3E92-465D-9655-D8A19C33A3C6}.Debug|Any CPU.Build.0 = Debug|Any CPU
		{0BB15084-3E92-465D-9655-D8A19C33A3C6}.Release|Any CPU.ActiveCfg = Release|Any CPU
		{0BB15084-3E92-465D-9655-D8A19C33A3C6}.Release|Any CPU.Build.0 = Release|Any CPU
		{78A14944-D440-43F0-BA0F-D1ACE62B405A}.Debug|Any CPU.ActiveCfg = Debug|Any CPU
		{78A14944-D440-43F0-BA0F-D1ACE62B405A}.Debug|Any CPU.Build.0 = Debug|Any CPU
		{78A14944-D440-43F0-BA0F-D1ACE62B405A}.Release|Any CPU.ActiveCfg = Release|Any CPU
		{78A14944-D440-43F0-BA0F-D1ACE62B405A}.Release|Any CPU.Build.0 = Release|Any CPU
		{E3DD44E4-B21C-4AEB-8F3B-F3E4242BB078}.Debug|Any CPU.ActiveCfg = Debug|Any CPU
		{E3DD44E4-B21C-4AEB-8F3B-F3E4242BB078}.Debug|Any CPU.Build.0 = Debug|Any CPU
		{E3DD44E4-B21C-4AEB-8F3B-F3E4242BB078}.Release|Any CPU.ActiveCfg = Release|Any CPU
		{E3DD44E4-B21C-4AEB-8F3B-F3E4242BB078}.Release|Any CPU.Build.0 = Release|Any CPU
		{AD06CE4F-931B-4602-A4F9-BF4ADCC928A7}.Debug|Any CPU.ActiveCfg = Debug|Any CPU
		{AD06CE4F-931B-4602-A4F9-BF4ADCC928A7}.Debug|Any CPU.Build.0 = Debug|Any CPU
		{AD06CE4F-931B-4602-A4F9-BF4ADCC928A7}.Release|Any CPU.ActiveCfg = Release|Any CPU
		{AD06CE4F-931B-4602-A4F9-BF4ADCC928A7}.Release|Any CPU.Build.0 = Release|Any CPU
		{69879859-D886-4B32-AAB5-8E77EA58FD4E}.Debug|Any CPU.ActiveCfg = Debug|Any CPU
		{69879859-D886-4B32-AAB5-8E77EA58FD4E}.Debug|Any CPU.Build.0 = Debug|Any CPU
		{69879859-D886-4B32-AAB5-8E77EA58FD4E}.Release|Any CPU.ActiveCfg = Release|Any CPU
		{69879859-D886-4B32-AAB5-8E77EA58FD4E}.Release|Any CPU.Build.0 = Release|Any CPU
		{86F35A0B-02C8-4C17-ADA9-DA1039C31F63}.Debug|Any CPU.ActiveCfg = Debug|Any CPU
		{86F35A0B-02C8-4C17-ADA9-DA1039C31F63}.Debug|Any CPU.Build.0 = Debug|Any CPU
		{86F35A0B-02C8-4C17-ADA9-DA1039C31F63}.Release|Any CPU.ActiveCfg = Release|Any CPU
		{86F35A0B-02C8-4C17-ADA9-DA1039C31F63}.Release|Any CPU.Build.0 = Release|Any CPU
		{CC9CEC95-EFA7-4BFF-AF7C-706003F8B825}.Debug|Any CPU.ActiveCfg = Debug|Any CPU
		{CC9CEC95-EFA7-4BFF-AF7C-706003F8B825}.Debug|Any CPU.Build.0 = Debug|Any CPU
		{CC9CEC95-EFA7-4BFF-AF7C-706003F8B825}.Release|Any CPU.ActiveCfg = Release|Any CPU
		{CC9CEC95-EFA7-4BFF-AF7C-706003F8B825}.Release|Any CPU.Build.0 = Release|Any CPU
		{18145049-DBC5-4289-9847-2FB475096FDF}.Debug|Any CPU.ActiveCfg = Debug|Any CPU
		{18145049-DBC5-4289-9847-2FB475096FDF}.Debug|Any CPU.Build.0 = Debug|Any CPU
		{18145049-DBC5-4289-9847-2FB475096FDF}.Release|Any CPU.ActiveCfg = Release|Any CPU
		{18145049-DBC5-4289-9847-2FB475096FDF}.Release|Any CPU.Build.0 = Release|Any CPU
		{C4B3C6B4-5043-4B85-AC90-2FF736F368BB}.Debug|Any CPU.ActiveCfg = Debug|Any CPU
		{C4B3C6B4-5043-4B85-AC90-2FF736F368BB}.Debug|Any CPU.Build.0 = Debug|Any CPU
		{C4B3C6B4-5043-4B85-AC90-2FF736F368BB}.Release|Any CPU.ActiveCfg = Release|Any CPU
		{C4B3C6B4-5043-4B85-AC90-2FF736F368BB}.Release|Any CPU.Build.0 = Release|Any CPU
		{C0A5935E-21E3-4AE7-A84A-6F33AFEB3665}.Debug|Any CPU.ActiveCfg = Debug|Any CPU
		{C0A5935E-21E3-4AE7-A84A-6F33AFEB3665}.Debug|Any CPU.Build.0 = Debug|Any CPU
		{C0A5935E-21E3-4AE7-A84A-6F33AFEB3665}.Release|Any CPU.ActiveCfg = Release|Any CPU
		{C0A5935E-21E3-4AE7-A84A-6F33AFEB3665}.Release|Any CPU.Build.0 = Release|Any CPU
		{B75F230A-5262-4658-BEBE-97146B787ED8}.Debug|Any CPU.ActiveCfg = Debug|Any CPU
		{B75F230A-5262-4658-BEBE-97146B787ED8}.Debug|Any CPU.Build.0 = Debug|Any CPU
		{B75F230A-5262-4658-BEBE-97146B787ED8}.Release|Any CPU.ActiveCfg = Release|Any CPU
		{B75F230A-5262-4658-BEBE-97146B787ED8}.Release|Any CPU.Build.0 = Release|Any CPU
	EndGlobalSection
	GlobalSection(SolutionProperties) = preSolution
		HideSolutionNode = FALSE
	EndGlobalSection
	GlobalSection(ExtensibilityGlobals) = postSolution
		SolutionGuid = {4FF75CCD-9842-4236-8B44-9CE018FF6686}
	EndGlobalSection
EndGlobal
